
Microsoft Visual Studio Solution File, Format Version 12.00
# Visual Studio 2012
Project("{FAE04EC0-301F-11D3-BF4B-00C04F79EFBC}") = "ShopModel", "ShopModel\ShopModel.csproj", "{8927D218-DE98-4F50-95C0-6B1C0573D659}"
EndProject
Project("{FAE04EC0-301F-11D3-BF4B-00C04F79EFBC}") = "ShopModelUnitTest", "ShopModelUnitTest\ShopModelUnitTest.csproj", "{67ED03ED-3BAB-4772-AA69-B6A61834A3DE}"
EndProject
Project("{FAE04EC0-301F-11D3-BF4B-00C04F79EFBC}") = "JaggedArrayLibrary", "JaggedArrayLibrary\JaggedArrayLibrary.csproj", "{3D2C57E6-6379-482A-AB67-ABB7C3F91FE2}"
EndProject
Project("{FAE04EC0-301F-11D3-BF4B-00C04F79EFBC}") = "JaggedArrayUnitTest", "JaggedArrayUnitTest\JaggedArrayUnitTest.csproj", "{885ADF84-0479-4912-A2EA-CB9D9BEDA2DB}"
EndProject
Global
	GlobalSection(SolutionConfigurationPlatforms) = preSolution
		Debug|Any CPU = Debug|Any CPU
		Release|Any CPU = Release|Any CPU
	EndGlobalSection
	GlobalSection(ProjectConfigurationPlatforms) = postSolution
		{8927D218-DE98-4F50-95C0-6B1C0573D659}.Debug|Any CPU.ActiveCfg = Debug|Any CPU
		{8927D218-DE98-4F50-95C0-6B1C0573D659}.Debug|Any CPU.Build.0 = Debug|Any CPU
		{8927D218-DE98-4F50-95C0-6B1C0573D659}.Release|Any CPU.ActiveCfg = Release|Any CPU
		{8927D218-DE98-4F50-95C0-6B1C0573D659}.Release|Any CPU.Build.0 = Release|Any CPU
		{67ED03ED-3BAB-4772-AA69-B6A61834A3DE}.Debug|Any CPU.ActiveCfg = Debug|Any CPU
		{67ED03ED-3BAB-4772-AA69-B6A61834A3DE}.Debug|Any CPU.Build.0 = Debug|Any CPU
		{67ED03ED-3BAB-4772-AA69-B6A61834A3DE}.Release|Any CPU.ActiveCfg = Release|Any CPU
		{67ED03ED-3BAB-4772-AA69-B6A61834A3DE}.Release|Any CPU.Build.0 = Release|Any CPU
		{3D2C57E6-6379-482A-AB67-ABB7C3F91FE2}.Debug|Any CPU.ActiveCfg = Debug|Any CPU
		{3D2C57E6-6379-482A-AB67-ABB7C3F91FE2}.Debug|Any CPU.Build.0 = Debug|Any CPU
		{3D2C57E6-6379-482A-AB67-ABB7C3F91FE2}.Release|Any CPU.ActiveCfg = Release|Any CPU
		{3D2C57E6-6379-482A-AB67-ABB7C3F91FE2}.Release|Any CPU.Build.0 = Release|Any CPU
		{885ADF84-0479-4912-A2EA-CB9D9BEDA2DB}.Debug|Any CPU.ActiveCfg = Debug|Any CPU
		{885ADF84-0479-4912-A2EA-CB9D9BEDA2DB}.Debug|Any CPU.Build.0 = Debug|Any CPU
		{885ADF84-0479-4912-A2EA-CB9D9BEDA2DB}.Release|Any CPU.ActiveCfg = Release|Any CPU
		{885ADF84-0479-4912-A2EA-CB9D9BEDA2DB}.Release|Any CPU.Build.0 = Release|Any CPU
	EndGlobalSection
	GlobalSection(SolutionProperties) = preSolution
		HideSolutionNode = FALSE
	EndGlobalSection
EndGlobal
